
Microsoft Visual Studio Solution File, Format Version 12.00
# Visual Studio Version 17
VisualStudioVersion = 17.0.32014.148
MinimumVisualStudioVersion = 10.0.40219.1
Project("{9A19103F-16F7-4668-BE54-9A1E7A4F7556}") = "RomDatabase5", "RomDatabase5\RomDatabase5.csproj", "{CD1C4047-20C7-456C-A2B1-64066D113459}"
EndProject
Project("{9A19103F-16F7-4668-BE54-9A1E7A4F7556}") = "RomSorter5WinForms", "RomSorter5\RomSorter5WinForms.csproj", "{495A21D7-E2AC-47B3-BD7B-290EA24F56FE}"
EndProject
Project("{2150E333-8FDC-42A3-9474-1A3956D46DE8}") = "Docs", "Docs", "{743C1C02-C1A4-4E78-9DB3-002DE22A7051}"
EndProject
Project("{9A19103F-16F7-4668-BE54-9A1E7A4F7556}") = "Librarian5Console", "Librarian5Console\Librarian5Console.csproj", "{B9F7CF0C-F632-466D-A5FC-2A09AB9F21FC}"
EndProject
Project("{2150E333-8FDC-42A3-9474-1A3956D46DE8}") = "Solution Items", "Solution Items", "{60E167E2-48A2-4EDE-9E37-8A8401F422B7}"
	ProjectSection(SolutionItems) = preProject
		global.json = global.json
	EndProjectSection
EndProject
Project("{FAE04EC0-301F-11D3-BF4B-00C04F79EFBC}") = "RomSorterMaui", "RomSorterMaui\RomSorterMaui.csproj", "{0BE1FB15-2898-4371-BEBF-5134262AA3B9}"
EndProject
Global
	GlobalSection(SolutionConfigurationPlatforms) = preSolution
		Debug|Any CPU = Debug|Any CPU
		Debug|ARM = Debug|ARM
		Debug|ARM64 = Debug|ARM64
		Debug|x64 = Debug|x64
		Debug|x86 = Debug|x86
		Release|Any CPU = Release|Any CPU
		Release|ARM = Release|ARM
		Release|ARM64 = Release|ARM64
		Release|x64 = Release|x64
		Release|x86 = Release|x86
	EndGlobalSection
	GlobalSection(ProjectConfigurationPlatforms) = postSolution
		{CD1C4047-20C7-456C-A2B1-64066D113459}.Debug|Any CPU.ActiveCfg = Debug|Any CPU
		{CD1C4047-20C7-456C-A2B1-64066D113459}.Debug|Any CPU.Build.0 = Debug|Any CPU
		{CD1C4047-20C7-456C-A2B1-64066D113459}.Debug|ARM.ActiveCfg = Debug|Any CPU
		{CD1C4047-20C7-456C-A2B1-64066D113459}.Debug|ARM.Build.0 = Debug|Any CPU
		{CD1C4047-20C7-456C-A2B1-64066D113459}.Debug|ARM64.ActiveCfg = Debug|Any CPU
		{CD1C4047-20C7-456C-A2B1-64066D113459}.Debug|ARM64.Build.0 = Debug|Any CPU
		{CD1C4047-20C7-456C-A2B1-64066D113459}.Debug|x64.ActiveCfg = Debug|Any CPU
		{CD1C4047-20C7-456C-A2B1-64066D113459}.Debug|x64.Build.0 = Debug|Any CPU
		{CD1C4047-20C7-456C-A2B1-64066D113459}.Debug|x86.ActiveCfg = Debug|Any CPU
		{CD1C4047-20C7-456C-A2B1-64066D113459}.Debug|x86.Build.0 = Debug|Any CPU
		{CD1C4047-20C7-456C-A2B1-64066D113459}.Release|Any CPU.ActiveCfg = Release|Any CPU
		{CD1C4047-20C7-456C-A2B1-64066D113459}.Release|Any CPU.Build.0 = Release|Any CPU
		{CD1C4047-20C7-456C-A2B1-64066D113459}.Release|ARM.ActiveCfg = Release|Any CPU
		{CD1C4047-20C7-456C-A2B1-64066D113459}.Release|ARM.Build.0 = Release|Any CPU
		{CD1C4047-20C7-456C-A2B1-64066D113459}.Release|ARM64.ActiveCfg = Release|Any CPU
		{CD1C4047-20C7-456C-A2B1-64066D113459}.Release|ARM64.Build.0 = Release|Any CPU
		{CD1C4047-20C7-456C-A2B1-64066D113459}.Release|x64.ActiveCfg = Release|Any CPU
		{CD1C4047-20C7-456C-A2B1-64066D113459}.Release|x64.Build.0 = Release|Any CPU
		{CD1C4047-20C7-456C-A2B1-64066D113459}.Release|x86.ActiveCfg = Release|Any CPU
		{CD1C4047-20C7-456C-A2B1-64066D113459}.Release|x86.Build.0 = Release|Any CPU
		{495A21D7-E2AC-47B3-BD7B-290EA24F56FE}.Debug|Any CPU.ActiveCfg = Debug|Any CPU
		{495A21D7-E2AC-47B3-BD7B-290EA24F56FE}.Debug|Any CPU.Build.0 = Debug|Any CPU
		{495A21D7-E2AC-47B3-BD7B-290EA24F56FE}.Debug|ARM.ActiveCfg = Debug|Any CPU
		{495A21D7-E2AC-47B3-BD7B-290EA24F56FE}.Debug|ARM.Build.0 = Debug|Any CPU
		{495A21D7-E2AC-47B3-BD7B-290EA24F56FE}.Debug|ARM64.ActiveCfg = Debug|Any CPU
		{495A21D7-E2AC-47B3-BD7B-290EA24F56FE}.Debug|ARM64.Build.0 = Debug|Any CPU
		{495A21D7-E2AC-47B3-BD7B-290EA24F56FE}.Debug|x64.ActiveCfg = Debug|Any CPU
		{495A21D7-E2AC-47B3-BD7B-290EA24F56FE}.Debug|x64.Build.0 = Debug|Any CPU
		{495A21D7-E2AC-47B3-BD7B-290EA24F56FE}.Debug|x86.ActiveCfg = Debug|Any CPU
		{495A21D7-E2AC-47B3-BD7B-290EA24F56FE}.Debug|x86.Build.0 = Debug|Any CPU
		{495A21D7-E2AC-47B3-BD7B-290EA24F56FE}.Release|Any CPU.ActiveCfg = Release|Any CPU
		{495A21D7-E2AC-47B3-BD7B-290EA24F56FE}.Release|Any CPU.Build.0 = Release|Any CPU
		{495A21D7-E2AC-47B3-BD7B-290EA24F56FE}.Release|ARM.ActiveCfg = Release|Any CPU
		{495A21D7-E2AC-47B3-BD7B-290EA24F56FE}.Release|ARM.Build.0 = Release|Any CPU
		{495A21D7-E2AC-47B3-BD7B-290EA24F56FE}.Release|ARM64.ActiveCfg = Release|Any CPU
		{495A21D7-E2AC-47B3-BD7B-290EA24F56FE}.Release|ARM64.Build.0 = Release|Any CPU
		{495A21D7-E2AC-47B3-BD7B-290EA24F56FE}.Release|x64.ActiveCfg = Release|Any CPU
		{495A21D7-E2AC-47B3-BD7B-290EA24F56FE}.Release|x64.Build.0 = Release|Any CPU
		{495A21D7-E2AC-47B3-BD7B-290EA24F56FE}.Release|x86.ActiveCfg = Release|Any CPU
		{495A21D7-E2AC-47B3-BD7B-290EA24F56FE}.Release|x86.Build.0 = Release|Any CPU
		{B9F7CF0C-F632-466D-A5FC-2A09AB9F21FC}.Debug|Any CPU.ActiveCfg = Debug|Any CPU
		{B9F7CF0C-F632-466D-A5FC-2A09AB9F21FC}.Debug|Any CPU.Build.0 = Debug|Any CPU
		{B9F7CF0C-F632-466D-A5FC-2A09AB9F21FC}.Debug|ARM.ActiveCfg = Debug|Any CPU
		{B9F7CF0C-F632-466D-A5FC-2A09AB9F21FC}.Debug|ARM.Build.0 = Debug|Any CPU
		{B9F7CF0C-F632-466D-A5FC-2A09AB9F21FC}.Debug|ARM64.ActiveCfg = Debug|Any CPU
		{B9F7CF0C-F632-466D-A5FC-2A09AB9F21FC}.Debug|ARM64.Build.0 = Debug|Any CPU
		{B9F7CF0C-F632-466D-A5FC-2A09AB9F21FC}.Debug|x64.ActiveCfg = Debug|Any CPU
		{B9F7CF0C-F632-466D-A5FC-2A09AB9F21FC}.Debug|x64.Build.0 = Debug|Any CPU
		{B9F7CF0C-F632-466D-A5FC-2A09AB9F21FC}.Debug|x86.ActiveCfg = Debug|Any CPU
		{B9F7CF0C-F632-466D-A5FC-2A09AB9F21FC}.Debug|x86.Build.0 = Debug|Any CPU
		{B9F7CF0C-F632-466D-A5FC-2A09AB9F21FC}.Release|Any CPU.ActiveCfg = Release|Any CPU
		{B9F7CF0C-F632-466D-A5FC-2A09AB9F21FC}.Release|Any CPU.Build.0 = Release|Any CPU
		{B9F7CF0C-F632-466D-A5FC-2A09AB9F21FC}.Release|ARM.ActiveCfg = Release|Any CPU
		{B9F7CF0C-F632-466D-A5FC-2A09AB9F21FC}.Release|ARM.Build.0 = Release|Any CPU
		{B9F7CF0C-F632-466D-A5FC-2A09AB9F21FC}.Release|ARM64.ActiveCfg = Release|Any CPU
		{B9F7CF0C-F632-466D-A5FC-2A09AB9F21FC}.Release|ARM64.Build.0 = Release|Any CPU
		{B9F7CF0C-F632-466D-A5FC-2A09AB9F21FC}.Release|x64.ActiveCfg = Release|Any CPU
		{B9F7CF0C-F632-466D-A5FC-2A09AB9F21FC}.Release|x64.Build.0 = Release|Any CPU
		{B9F7CF0C-F632-466D-A5FC-2A09AB9F21FC}.Release|x86.ActiveCfg = Release|Any CPU
		{B9F7CF0C-F632-466D-A5FC-2A09AB9F21FC}.Release|x86.Build.0 = Release|Any CPU
		{0BE1FB15-2898-4371-BEBF-5134262AA3B9}.Debug|Any CPU.ActiveCfg = Debug|Any CPU
		{0BE1FB15-2898-4371-BEBF-5134262AA3B9}.Debug|Any CPU.Build.0 = Debug|Any CPU
		{0BE1FB15-2898-4371-BEBF-5134262AA3B9}.Debug|Any CPU.Deploy.0 = Debug|Any CPU
		{0BE1FB15-2898-4371-BEBF-5134262AA3B9}.Debug|ARM.ActiveCfg = Debug|Any CPU
		{0BE1FB15-2898-4371-BEBF-5134262AA3B9}.Debug|ARM.Build.0 = Debug|Any CPU
		{0BE1FB15-2898-4371-BEBF-5134262AA3B9}.Debug|ARM.Deploy.0 = Debug|Any CPU
		{0BE1FB15-2898-4371-BEBF-5134262AA3B9}.Debug|ARM64.ActiveCfg = Debug|Any CPU
		{0BE1FB15-2898-4371-BEBF-5134262AA3B9}.Debug|ARM64.Build.0 = Debug|Any CPU
		{0BE1FB15-2898-4371-BEBF-5134262AA3B9}.Debug|ARM64.Deploy.0 = Debug|Any CPU
		{0BE1FB15-2898-4371-BEBF-5134262AA3B9}.Debug|x64.ActiveCfg = Debug|Any CPU
		{0BE1FB15-2898-4371-BEBF-5134262AA3B9}.Debug|x64.Build.0 = Debug|Any CPU
		{0BE1FB15-2898-4371-BEBF-5134262AA3B9}.Debug|x64.Deploy.0 = Debug|Any CPU
		{0BE1FB15-2898-4371-BEBF-5134262AA3B9}.Debug|x86.ActiveCfg = Debug|Any CPU
		{0BE1FB15-2898-4371-BEBF-5134262AA3B9}.Debug|x86.Build.0 = Debug|Any CPU
		{0BE1FB15-2898-4371-BEBF-5134262AA3B9}.Debug|x86.Deploy.0 = Debug|Any CPU
		{0BE1FB15-2898-4371-BEBF-5134262AA3B9}.Release|Any CPU.ActiveCfg = Release|Any CPU
		{0BE1FB15-2898-4371-BEBF-5134262AA3B9}.Release|Any CPU.Build.0 = Release|Any CPU
		{0BE1FB15-2898-4371-BEBF-5134262AA3B9}.Release|Any CPU.Deploy.0 = Release|Any CPU
		{0BE1FB15-2898-4371-BEBF-5134262AA3B9}.Release|ARM.ActiveCfg = Release|Any CPU
		{0BE1FB15-2898-4371-BEBF-5134262AA3B9}.Release|ARM.Build.0 = Release|Any CPU
		{0BE1FB15-2898-4371-BEBF-5134262AA3B9}.Release|ARM.Deploy.0 = Release|Any CPU
		{0BE1FB15-2898-4371-BEBF-5134262AA3B9}.Release|ARM64.ActiveCfg = Release|Any CPU
		{0BE1FB15-2898-4371-BEBF-5134262AA3B9}.Release|ARM64.Build.0 = Release|Any CPU
		{0BE1FB15-2898-4371-BEBF-5134262AA3B9}.Release|ARM64.Deploy.0 = Release|Any CPU
		{0BE1FB15-2898-4371-BEBF-5134262AA3B9}.Release|x64.ActiveCfg = Release|Any CPU
		{0BE1FB15-2898-4371-BEBF-5134262AA3B9}.Release|x64.Build.0 = Release|Any CPU
		{0BE1FB15-2898-4371-BEBF-5134262AA3B9}.Release|x64.Deploy.0 = Release|Any CPU
		{0BE1FB15-2898-4371-BEBF-5134262AA3B9}.Release|x86.ActiveCfg = Release|Any CPU
		{0BE1FB15-2898-4371-BEBF-5134262AA3B9}.Release|x86.Build.0 = Release|Any CPU
		{0BE1FB15-2898-4371-BEBF-5134262AA3B9}.Release|x86.Deploy.0 = Release|Any CPU
	EndGlobalSection
	GlobalSection(SolutionProperties) = preSolution
		HideSolutionNode = FALSE
	EndGlobalSection
	GlobalSection(ExtensibilityGlobals) = postSolution
		SolutionGuid = {6CAD0F4B-58D2-4835-A42C-A04DE966EB2D}
	EndGlobalSection
EndGlobal
